# This file is generated by running "yarn install" inside your project.
# Manual changes might be lost - proceed with caution!

__metadata:
  version: 4
  cacheKey: 7

"dotenv@npm:^10.0.0":
  version: 10.0.0
  resolution: "dotenv@npm:10.0.0"
  checksum: 9c45712e213de63bdb646b8e5344749b7566e25a67bbd3f03711d54e40eff10066c1f23eff0081d0949fda7c8efcc6e9e8bf18d0f023a8274f55f5d5f97bb6db
  languageName: node
  linkType: hard

"influx-demo@workspace:.":
  version: 0.0.0-use.local
  resolution: "influx-demo@workspace:."
  dependencies:
    dotenv: ^10.0.0
    influx: ^5.9.2
    lodash: ^4.17.21
  languageName: unknown
  linkType: soft

"influx@npm:^5.9.2":
  version: 5.9.2
  resolution: "influx@npm:5.9.2"
  checksum: fa44897b5f5245b3daa67c204622f3b2213c655498b7a3977d6b810ec40bf2eb943922d2cdf6148e8dd3f75d6963e66cb59398bb9aaa2342baf234e1fc10d184
  languageName: node
  linkType: hard

"lodash@npm:^4.17.21":
  version: 4.17.21
  resolution: "lodash@npm:4.17.21"
  checksum: 4983720b9abca930a4a46f18db163d7dad8dd00dbed6db0cc7b499b33b717cce69f80928b27bbb1ff2cbd3b19d251ee90669a8b5ea466072ca81c2ebe91e7468
  languageName: node
  linkType: hard
